
Microsoft Visual Studio Solution File, Format Version 12.00
# Visual Studio 2013
VisualStudioVersion = 12.0.40629.0
MinimumVisualStudioVersion = 10.0.40219.1
Project("{8BC9CEB8-8B4A-11D0-8D11-00A0C91BC942}") = "drawMainWindow", "drawMainWindow\drawMainWindow.vcxproj", "{B12702AD-ABFB-343A-A199-8E24837244A3}"
EndProject
Project("{8BC9CEB8-8B4A-11D0-8D11-00A0C91BC942}") = "ceshimainwindow2", "..\..\..\qt_c++\ceshimainwindow2\ceshimainwindow2\ceshimainwindow2.vcxproj", "{605CD448-7332-459C-B7A6-EDE47EDA8F08}"
EndProject
Project("{8BC9CEB8-8B4A-11D0-8D11-00A0C91BC942}") = "TCPclient", "..\..\..\QTnetwork\TCPclient\TCPclient\TCPclient.vcxproj", "{20B88C88-B48B-450C-81CC-43EC4F7EAB65}"
EndProject
Project("{8BC9CEB8-8B4A-11D0-8D11-00A0C91BC942}") = "SocketTest", "..\..\..\QTnetwork\SocketTest\SocketTest\SocketTest.vcxproj", "{922C624D-C372-4A34-8519-9121B28D4C1A}"
EndProject
Project("{8BC9CEB8-8B4A-11D0-8D11-00A0C91BC942}") = "basicServerLaowaiVedio", "..\..\..\QTnetwork\basicServerLaowaiVedio\basicServerLaowaiVedio.vcxproj", "{BA77B209-F6D3-468D-B588-82B9435EC48F}"
EndProject
Project("{8BC9CEB8-8B4A-11D0-8D11-00A0C91BC942}") = "TCPserver", "..\..\..\QTnetwork\TCPserver\TCPserver.vcxproj", "{72FADA38-FDBD-4FBC-9E91-0CB9D5AF1CC5}"
EndProject
Global
	GlobalSection(SolutionConfigurationPlatforms) = preSolution
		Debug|Win32 = Debug|Win32
		Debug|x64 = Debug|x64
		Release|Win32 = Release|Win32
		Release|x64 = Release|x64
	EndGlobalSection
	GlobalSection(ProjectConfigurationPlatforms) = postSolution
		{B12702AD-ABFB-343A-A199-8E24837244A3}.Debug|Win32.ActiveCfg = Debug|Win32
		{B12702AD-ABFB-343A-A199-8E24837244A3}.Debug|Win32.Build.0 = Debug|Win32
		{B12702AD-ABFB-343A-A199-8E24837244A3}.Debug|x64.ActiveCfg = Debug|x64
		{B12702AD-ABFB-343A-A199-8E24837244A3}.Debug|x64.Build.0 = Debug|x64
		{B12702AD-ABFB-343A-A199-8E24837244A3}.Release|Win32.ActiveCfg = Release|Win32
		{B12702AD-ABFB-343A-A199-8E24837244A3}.Release|Win32.Build.0 = Release|Win32
		{B12702AD-ABFB-343A-A199-8E24837244A3}.Release|x64.ActiveCfg = Release|x64
		{B12702AD-ABFB-343A-A199-8E24837244A3}.Release|x64.Build.0 = Release|x64
		{605CD448-7332-459C-B7A6-EDE47EDA8F08}.Debug|Win32.ActiveCfg = Debug|Win32
		{605CD448-7332-459C-B7A6-EDE47EDA8F08}.Debug|Win32.Build.0 = Debug|Win32
		{605CD448-7332-459C-B7A6-EDE47EDA8F08}.Debug|x64.ActiveCfg = Debug|x64
		{605CD448-7332-459C-B7A6-EDE47EDA8F08}.Debug|x64.Build.0 = Debug|x64
		{605CD448-7332-459C-B7A6-EDE47EDA8F08}.Release|Win32.ActiveCfg = Release|Win32
		{605CD448-7332-459C-B7A6-EDE47EDA8F08}.Release|Win32.Build.0 = Release|Win32
		{605CD448-7332-459C-B7A6-EDE47EDA8F08}.Release|x64.ActiveCfg = Release|x64
		{605CD448-7332-459C-B7A6-EDE47EDA8F08}.Release|x64.Build.0 = Release|x64
		{20B88C88-B48B-450C-81CC-43EC4F7EAB65}.Debug|Win32.ActiveCfg = Debug|Win32
		{20B88C88-B48B-450C-81CC-43EC4F7EAB65}.Debug|Win32.Build.0 = Debug|Win32
		{20B88C88-B48B-450C-81CC-43EC4F7EAB65}.Debug|x64.ActiveCfg = Debug|x64
		{20B88C88-B48B-450C-81CC-43EC4F7EAB65}.Debug|x64.Build.0 = Debug|x64
		{20B88C88-B48B-450C-81CC-43EC4F7EAB65}.Release|Win32.ActiveCfg = Release|Win32
		{20B88C88-B48B-450C-81CC-43EC4F7EAB65}.Release|Win32.Build.0 = Release|Win32
		{20B88C88-B48B-450C-81CC-43EC4F7EAB65}.Release|x64.ActiveCfg = Release|x64
		{20B88C88-B48B-450C-81CC-43EC4F7EAB65}.Release|x64.Build.0 = Release|x64
		{922C624D-C372-4A34-8519-9121B28D4C1A}.Debug|Win32.ActiveCfg = Debug|Win32
		{922C624D-C372-4A34-8519-9121B28D4C1A}.Debug|Win32.Build.0 = Debug|Win32
		{922C624D-C372-4A34-8519-9121B28D4C1A}.Debug|x64.ActiveCfg = Debug|x64
		{922C624D-C372-4A34-8519-9121B28D4C1A}.Debug|x64.Build.0 = Debug|x64
		{922C624D-C372-4A34-8519-9121B28D4C1A}.Release|Win32.ActiveCfg = Release|Win32
		{922C624D-C372-4A34-8519-9121B28D4C1A}.Release|Win32.Build.0 = Release|Win32
		{922C624D-C372-4A34-8519-9121B28D4C1A}.Release|x64.ActiveCfg = Release|x64
		{922C624D-C372-4A34-8519-9121B28D4C1A}.Release|x64.Build.0 = Release|x64
		{BA77B209-F6D3-468D-B588-82B9435EC48F}.Debug|Win32.ActiveCfg = Debug|Win32
		{BA77B209-F6D3-468D-B588-82B9435EC48F}.Debug|Win32.Build.0 = Debug|Win32
		{BA77B209-F6D3-468D-B588-82B9435EC48F}.Debug|x64.ActiveCfg = Debug|x64
		{BA77B209-F6D3-468D-B588-82B9435EC48F}.Debug|x64.Build.0 = Debug|x64
		{BA77B209-F6D3-468D-B588-82B9435EC48F}.Release|Win32.ActiveCfg = Release|Win32
		{BA77B209-F6D3-468D-B588-82B9435EC48F}.Release|Win32.Build.0 = Release|Win32
		{BA77B209-F6D3-468D-B588-82B9435EC48F}.Release|x64.ActiveCfg = Release|x64
		{BA77B209-F6D3-468D-B588-82B9435EC48F}.Release|x64.Build.0 = Release|x64
		{72FADA38-FDBD-4FBC-9E91-0CB9D5AF1CC5}.Debug|Win32.ActiveCfg = Debug|Win32
		{72FADA38-FDBD-4FBC-9E91-0CB9D5AF1CC5}.Debug|Win32.Build.0 = Debug|Win32
		{72FADA38-FDBD-4FBC-9E91-0CB9D5AF1CC5}.Debug|x64.ActiveCfg = Debug|x64
		{72FADA38-FDBD-4FBC-9E91-0CB9D5AF1CC5}.Debug|x64.Build.0 = Debug|x64
		{72FADA38-FDBD-4FBC-9E91-0CB9D5AF1CC5}.Release|Win32.ActiveCfg = Release|Win32
		{72FADA38-FDBD-4FBC-9E91-0CB9D5AF1CC5}.Release|Win32.Build.0 = Release|Win32
		{72FADA38-FDBD-4FBC-9E91-0CB9D5AF1CC5}.Release|x64.ActiveCfg = Release|x64
		{72FADA38-FDBD-4FBC-9E91-0CB9D5AF1CC5}.Release|x64.Build.0 = Release|x64
	EndGlobalSection
	GlobalSection(SolutionProperties) = preSolution
		HideSolutionNode = FALSE
	EndGlobalSection
	GlobalSection(ExtensibilityGlobals) = postSolution
		Qt5Version = $(DefaultQtVersion)
	EndGlobalSection
EndGlobal
